Microsoft Visual Studio Solution File, Format Version 12.00
# Visual Studio Version 17
VisualStudioVersion = 17.5.2.0
MinimumVisualStudioVersion = 10.0.40219.1
Project("{FAE04EC0-301F-11D3-BF4B-00C04F79EFBC}") = "AuthEndPoint", "AuthEndPoint\AuthEndPoint.csproj", "{EB6BCB5E-C66C-574F-9C0B-85E3527CDBCE}"
EndProject
Global
	GlobalSection(SolutionConfigurationPlatforms) = preSolution
		Debug|Any CPU = Debug|Any CPU
		Release|Any CPU = Release|Any CPU
	EndGlobalSection
	GlobalSection(ProjectConfigurationPlatforms) = postSolution
		{EB6BCB5E-C66C-574F-9C0B-85E3527CDBCE}.Debug|Any CPU.ActiveCfg = Debug|Any CPU
		{EB6BCB5E-C66C-574F-9C0B-85E3527CDBCE}.Debug|Any CPU.Build.0 = Debug|Any CPU
		{EB6BCB5E-C66C-574F-9C0B-85E3527CDBCE}.Release|Any CPU.ActiveCfg = Release|Any CPU
		{EB6BCB5E-C66C-574F-9C0B-85E3527CDBCE}.Release|Any CPU.Build.0 = Release|Any CPU
	EndGlobalSection
	GlobalSection(SolutionProperties) = preSolution
		HideSolutionNode = FALSE
	EndGlobalSection
	GlobalSection(ExtensibilityGlobals) = postSolution
		SolutionGuid = {52AFD9BF-E386-4E90-B6D5-1782F028B6F7}
	EndGlobalSection
EndGlobal
